
Microsoft Visual Studio Solution File, Format Version 12.00
# Visual Studio 2013
VisualStudioVersion = 12.0.21005.1
MinimumVisualStudioVersion = 10.0.40219.1
Project("{FAE04EC0-301F-11D3-BF4B-00C04F79EFBC}") = "CAS", "CAS\CAS.csproj", "{EA66AF2B-FFAB-4BB4-937F-9F188D185D18}"
EndProject
Project("{FAE04EC0-301F-11D3-BF4B-00C04F79EFBC}") = "CAS.Tests", "CAS.Tests\CAS.Tests.csproj", "{C902AF93-0734-4C6C-BC68-691D0F91E53E}"
EndProject
Global
	GlobalSection(SolutionConfigurationPlatforms) = preSolution
		Debug|Any CPU = Debug|Any CPU
		Release|Any CPU = Release|Any CPU
	EndGlobalSection
	GlobalSection(ProjectConfigurationPlatforms) = postSolution
		{EA66AF2B-FFAB-4BB4-937F-9F188D185D18}.Debug|Any CPU.ActiveCfg = Debug|Any CPU
		{EA66AF2B-FFAB-4BB4-937F-9F188D185D18}.Debug|Any CPU.Build.0 = Debug|Any CPU
		{EA66AF2B-FFAB-4BB4-937F-9F188D185D18}.Release|Any CPU.ActiveCfg = Release|Any CPU
		{EA66AF2B-FFAB-4BB4-937F-9F188D185D18}.Release|Any CPU.Build.0 = Release|Any CPU
		{C902AF93-0734-4C6C-BC68-691D0F91E53E}.Debug|Any CPU.ActiveCfg = Debug|Any CPU
		{C902AF93-0734-4C6C-BC68-691D0F91E53E}.Debug|Any CPU.Build.0 = Debug|Any CPU
		{C902AF93-0734-4C6C-BC68-691D0F91E53E}.Release|Any CPU.ActiveCfg = Release|Any CPU
		{C902AF93-0734-4C6C-BC68-691D0F91E53E}.Release|Any CPU.Build.0 = Release|Any CPU
	EndGlobalSection
	GlobalSection(SolutionProperties) = preSolution
		HideSolutionNode = FALSE
	EndGlobalSection
EndGlobal
